
Microsoft Visual Studio Solution File, Format Version 12.00
# Visual Studio Version 17
VisualStudioVersion = 17.7.34024.191
MinimumVisualStudioVersion = 10.0.40219.1
Project("{FAE04EC0-301F-11D3-BF4B-00C04F79EFBC}") = "ConsoleApp2", "ConsoleApp2\ConsoleApp2.csproj", "{AF4F0CC7-BA07-4F7F-B1DC-EE2C32F7912D}"
EndProject
Global
	GlobalSection(SolutionConfigurationPlatforms) = preSolution
		Debug|Any CPU = Debug|Any CPU
		Release|Any CPU = Release|Any CPU
	EndGlobalSection
	GlobalSection(ProjectConfigurationPlatforms) = postSolution
		{AF4F0CC7-BA07-4F7F-B1DC-EE2C32F7912D}.Debug|Any CPU.ActiveCfg = Debug|Any CPU
		{AF4F0CC7-BA07-4F7F-B1DC-EE2C32F7912D}.Debug|Any CPU.Build.0 = Debug|Any CPU
		{AF4F0CC7-BA07-4F7F-B1DC-EE2C32F7912D}.Release|Any CPU.ActiveCfg = Release|Any CPU
		{AF4F0CC7-BA07-4F7F-B1DC-EE2C32F7912D}.Release|Any CPU.Build.0 = Release|Any CPU
	EndGlobalSection
	GlobalSection(SolutionProperties) = preSolution
		HideSolutionNode = FALSE
	EndGlobalSection
	GlobalSection(ExtensibilityGlobals) = postSolution
		SolutionGuid = {C60ADA3C-26F5-44E0-A615-AD85FB90FE7C}
	EndGlobalSection
EndGlobal
